
Microsoft Visual Studio Solution File, Format Version 12.00
# Visual Studio 15
VisualStudioVersion = 15.0.27703.2042
MinimumVisualStudioVersion = 10.0.40219.1
Project("{FAE04EC0-301F-11D3-BF4B-00C04F79EFBC}") = "Marks.Web", "Marks.Web\Marks.Web.csproj", "{7A3CEEB2-DA67-48A2-AFFE-AAF36F5FB65B}"
EndProject
Project("{FAE04EC0-301F-11D3-BF4B-00C04F79EFBC}") = "Marks.Core", "Marks.Core\Marks.Core.csproj", "{18BC4D6F-8983-4230-976D-FE181CD7570D}"
EndProject
Project("{FAE04EC0-301F-11D3-BF4B-00C04F79EFBC}") = "Marks.Database", "Marks.Database\Marks.Database.csproj", "{8F5249C7-C4EA-4266-BA63-B8B62507E7A1}"
EndProject
Global
	GlobalSection(SolutionConfigurationPlatforms) = preSolution
		Debug|Any CPU = Debug|Any CPU
		Release|Any CPU = Release|Any CPU
	EndGlobalSection
	GlobalSection(ProjectConfigurationPlatforms) = postSolution
		{7A3CEEB2-DA67-48A2-AFFE-AAF36F5FB65B}.Debug|Any CPU.ActiveCfg = Debug|Any CPU
		{7A3CEEB2-DA67-48A2-AFFE-AAF36F5FB65B}.Debug|Any CPU.Build.0 = Debug|Any CPU
		{7A3CEEB2-DA67-48A2-AFFE-AAF36F5FB65B}.Release|Any CPU.ActiveCfg = Release|Any CPU
		{7A3CEEB2-DA67-48A2-AFFE-AAF36F5FB65B}.Release|Any CPU.Build.0 = Release|Any CPU
		{18BC4D6F-8983-4230-976D-FE181CD7570D}.Debug|Any CPU.ActiveCfg = Debug|Any CPU
		{18BC4D6F-8983-4230-976D-FE181CD7570D}.Debug|Any CPU.Build.0 = Debug|Any CPU
		{18BC4D6F-8983-4230-976D-FE181CD7570D}.Release|Any CPU.ActiveCfg = Release|Any CPU
		{18BC4D6F-8983-4230-976D-FE181CD7570D}.Release|Any CPU.Build.0 = Release|Any CPU
		{8F5249C7-C4EA-4266-BA63-B8B62507E7A1}.Debug|Any CPU.ActiveCfg = Debug|Any CPU
		{8F5249C7-C4EA-4266-BA63-B8B62507E7A1}.Debug|Any CPU.Build.0 = Debug|Any CPU
		{8F5249C7-C4EA-4266-BA63-B8B62507E7A1}.Release|Any CPU.ActiveCfg = Release|Any CPU
		{8F5249C7-C4EA-4266-BA63-B8B62507E7A1}.Release|Any CPU.Build.0 = Release|Any CPU
	EndGlobalSection
	GlobalSection(SolutionProperties) = preSolution
		HideSolutionNode = FALSE
	EndGlobalSection
	GlobalSection(ExtensibilityGlobals) = postSolution
		SolutionGuid = {A141800D-F33B-44BE-A0D5-DB6F5CBF1433}
	EndGlobalSection
EndGlobal
